
Microsoft Visual Studio Solution File, Format Version 12.00
# Visual Studio 14
VisualStudioVersion = 14.0.23107.0
MinimumVisualStudioVersion = 10.0.40219.1
Project("{8BC9CEB8-8B4A-11D0-8D11-00A0C91BC942}") = "CarBattle", "CarBattle\CarBattle.vcxproj", "{DDAD0022-2E86-4B02-BE0C-41DB4758E0EC}"
EndProject
Project("{8BC9CEB8-8B4A-11D0-8D11-00A0C91BC942}") = "BulletCollision", "src\BulletCollision\BulletCollision.vcxproj", "{272E3D1B-BCD4-327E-BF3A-15F2E6770E88}"
EndProject
Project("{8BC9CEB8-8B4A-11D0-8D11-00A0C91BC942}") = "BulletDynamics", "src\BulletDynamics\BulletDynamics.vcxproj", "{21AA74A6-6E0A-30BB-A84C-B5A18590845A}"
EndProject
Project("{8BC9CEB8-8B4A-11D0-8D11-00A0C91BC942}") = "LinearMath", "src\LinearMath\LinearMath.vcxproj", "{96DB8907-4CC2-3E4F-B409-4BB8C52FF301}"
EndProject
Global
	GlobalSection(SolutionConfigurationPlatforms) = preSolution
		Debug|x64 = Debug|x64
		Debug|x86 = Debug|x86
		MinSizeRel|x64 = MinSizeRel|x64
		MinSizeRel|x86 = MinSizeRel|x86
		Release|x64 = Release|x64
		Release|x86 = Release|x86
		RelWithDebInfo|x64 = RelWithDebInfo|x64
		RelWithDebInfo|x86 = RelWithDebInfo|x86
	EndGlobalSection
	GlobalSection(ProjectConfigurationPlatforms) = postSolution
		{DDAD0022-2E86-4B02-BE0C-41DB4758E0EC}.Debug|x64.ActiveCfg = Debug|x64
		{DDAD0022-2E86-4B02-BE0C-41DB4758E0EC}.Debug|x64.Build.0 = Debug|x64
		{DDAD0022-2E86-4B02-BE0C-41DB4758E0EC}.Debug|x86.ActiveCfg = Debug|Win32
		{DDAD0022-2E86-4B02-BE0C-41DB4758E0EC}.Debug|x86.Build.0 = Debug|Win32
		{DDAD0022-2E86-4B02-BE0C-41DB4758E0EC}.MinSizeRel|x64.ActiveCfg = Release|x64
		{DDAD0022-2E86-4B02-BE0C-41DB4758E0EC}.MinSizeRel|x64.Build.0 = Release|x64
		{DDAD0022-2E86-4B02-BE0C-41DB4758E0EC}.MinSizeRel|x86.ActiveCfg = Release|Win32
		{DDAD0022-2E86-4B02-BE0C-41DB4758E0EC}.MinSizeRel|x86.Build.0 = Release|Win32
		{DDAD0022-2E86-4B02-BE0C-41DB4758E0EC}.Release|x64.ActiveCfg = Release|x64
		{DDAD0022-2E86-4B02-BE0C-41DB4758E0EC}.Release|x64.Build.0 = Release|x64
		{DDAD0022-2E86-4B02-BE0C-41DB4758E0EC}.Release|x86.ActiveCfg = Release|Win32
		{DDAD0022-2E86-4B02-BE0C-41DB4758E0EC}.Release|x86.Build.0 = Release|Win32
		{DDAD0022-2E86-4B02-BE0C-41DB4758E0EC}.RelWithDebInfo|x64.ActiveCfg = Release|x64
		{DDAD0022-2E86-4B02-BE0C-41DB4758E0EC}.RelWithDebInfo|x64.Build.0 = Release|x64
		{DDAD0022-2E86-4B02-BE0C-41DB4758E0EC}.RelWithDebInfo|x86.ActiveCfg = Release|Win32
		{DDAD0022-2E86-4B02-BE0C-41DB4758E0EC}.RelWithDebInfo|x86.Build.0 = Release|Win32
		{272E3D1B-BCD4-327E-BF3A-15F2E6770E88}.Debug|x64.ActiveCfg = Debug|Win32
		{272E3D1B-BCD4-327E-BF3A-15F2E6770E88}.Debug|x86.ActiveCfg = Debug|Win32
		{272E3D1B-BCD4-327E-BF3A-15F2E6770E88}.Debug|x86.Build.0 = Debug|Win32
		{272E3D1B-BCD4-327E-BF3A-15F2E6770E88}.MinSizeRel|x64.ActiveCfg = MinSizeRel|Win32
		{272E3D1B-BCD4-327E-BF3A-15F2E6770E88}.MinSizeRel|x86.ActiveCfg = MinSizeRel|Win32
		{272E3D1B-BCD4-327E-BF3A-15F2E6770E88}.MinSizeRel|x86.Build.0 = MinSizeRel|Win32
		{272E3D1B-BCD4-327E-BF3A-15F2E6770E88}.Release|x64.ActiveCfg = Release|Win32
		{272E3D1B-BCD4-327E-BF3A-15F2E6770E88}.Release|x86.ActiveCfg = Release|Win32
		{272E3D1B-BCD4-327E-BF3A-15F2E6770E88}.Release|x86.Build.0 = Release|Win32
		{272E3D1B-BCD4-327E-BF3A-15F2E6770E88}.RelWithDebInfo|x64.ActiveCfg = RelWithDebInfo|Win32
		{272E3D1B-BCD4-327E-BF3A-15F2E6770E88}.RelWithDebInfo|x86.ActiveCfg = RelWithDebInfo|Win32
		{272E3D1B-BCD4-327E-BF3A-15F2E6770E88}.RelWithDebInfo|x86.Build.0 = RelWithDebInfo|Win32
		{21AA74A6-6E0A-30BB-A84C-B5A18590845A}.Debug|x64.ActiveCfg = Debug|Win32
		{21AA74A6-6E0A-30BB-A84C-B5A18590845A}.Debug|x86.ActiveCfg = Debug|Win32
		{21AA74A6-6E0A-30BB-A84C-B5A18590845A}.Debug|x86.Build.0 = Debug|Win32
		{21AA74A6-6E0A-30BB-A84C-B5A18590845A}.MinSizeRel|x64.ActiveCfg = MinSizeRel|Win32
		{21AA74A6-6E0A-30BB-A84C-B5A18590845A}.MinSizeRel|x86.ActiveCfg = MinSizeRel|Win32
		{21AA74A6-6E0A-30BB-A84C-B5A18590845A}.MinSizeRel|x86.Build.0 = MinSizeRel|Win32
		{21AA74A6-6E0A-30BB-A84C-B5A18590845A}.Release|x64.ActiveCfg = Release|Win32
		{21AA74A6-6E0A-30BB-A84C-B5A18590845A}.Release|x86.ActiveCfg = Release|Win32
		{21AA74A6-6E0A-30BB-A84C-B5A18590845A}.Release|x86.Build.0 = Release|Win32
		{21AA74A6-6E0A-30BB-A84C-B5A18590845A}.RelWithDebInfo|x64.ActiveCfg = RelWithDebInfo|Win32
		{21AA74A6-6E0A-30BB-A84C-B5A18590845A}.RelWithDebInfo|x86.ActiveCfg = RelWithDebInfo|Win32
		{21AA74A6-6E0A-30BB-A84C-B5A18590845A}.RelWithDebInfo|x86.Build.0 = RelWithDebInfo|Win32
		{96DB8907-4CC2-3E4F-B409-4BB8C52FF301}.Debug|x64.ActiveCfg = Debug|Win32
		{96DB8907-4CC2-3E4F-B409-4BB8C52FF301}.Debug|x86.ActiveCfg = Debug|Win32
		{96DB8907-4CC2-3E4F-B409-4BB8C52FF301}.Debug|x86.Build.0 = Debug|Win32
		{96DB8907-4CC2-3E4F-B409-4BB8C52FF301}.MinSizeRel|x64.ActiveCfg = MinSizeRel|Win32
		{96DB8907-4CC2-3E4F-B409-4BB8C52FF301}.MinSizeRel|x86.ActiveCfg = MinSizeRel|Win32
		{96DB8907-4CC2-3E4F-B409-4BB8C52FF301}.MinSizeRel|x86.Build.0 = MinSizeRel|Win32
		{96DB8907-4CC2-3E4F-B409-4BB8C52FF301}.Release|x64.ActiveCfg = Release|Win32
		{96DB8907-4CC2-3E4F-B409-4BB8C52FF301}.Release|x86.ActiveCfg = Release|Win32
		{96DB8907-4CC2-3E4F-B409-4BB8C52FF301}.Release|x86.Build.0 = Release|Win32
		{96DB8907-4CC2-3E4F-B409-4BB8C52FF301}.RelWithDebInfo|x64.ActiveCfg = RelWithDebInfo|Win32
		{96DB8907-4CC2-3E4F-B409-4BB8C52FF301}.RelWithDebInfo|x86.ActiveCfg = RelWithDebInfo|Win32
		{96DB8907-4CC2-3E4F-B409-4BB8C52FF301}.RelWithDebInfo|x86.Build.0 = RelWithDebInfo|Win32
	EndGlobalSection
	GlobalSection(SolutionProperties) = preSolution
		HideSolutionNode = FALSE
	EndGlobalSection
EndGlobal
