
Microsoft Visual Studio Solution File, Format Version 12.00
# Visual Studio 14
VisualStudioVersion = 14.0.23107.0
MinimumVisualStudioVersion = 10.0.40219.1
Project("{8BC9CEB8-8B4A-11D0-8D11-00A0C91BC942}") = "CarBattle", "CarBattle\CarBattle.vcxproj", "{DDAD0022-2E86-4B02-BE0C-41DB4758E0EC}"
	ProjectSection(ProjectDependencies) = postProject
		{6D262E2C-AFF5-2143-9ECF-420539BA0419} = {6D262E2C-AFF5-2143-9ECF-420539BA0419}
		{34ED506B-3061-0946-9EA7-B025B5A3F9FC} = {34ED506B-3061-0946-9EA7-B025B5A3F9FC}
		{02CA22FA-CBB6-8A49-AABF-AF6D7E8CAE71} = {02CA22FA-CBB6-8A49-AABF-AF6D7E8CAE71}
	EndProjectSection
EndProject
Project("{8BC9CEB8-8B4A-11D0-8D11-00A0C91BC942}") = "BulletCollision", "src\Dependencies\BulletCollision.vcxproj", "{6D262E2C-AFF5-2143-9ECF-420539BA0419}"
EndProject
Project("{8BC9CEB8-8B4A-11D0-8D11-00A0C91BC942}") = "BulletDynamics", "src\Dependencies\BulletDynamics.vcxproj", "{02CA22FA-CBB6-8A49-AABF-AF6D7E8CAE71}"
EndProject
Project("{8BC9CEB8-8B4A-11D0-8D11-00A0C91BC942}") = "LinearMath", "src\Dependencies\LinearMath.vcxproj", "{34ED506B-3061-0946-9EA7-B025B5A3F9FC}"
EndProject
Global
	GlobalSection(SolutionConfigurationPlatforms) = preSolution
		Debug|x64 = Debug|x64
		Debug|x86 = Debug|x86
		MinSizeRel|x64 = MinSizeRel|x64
		MinSizeRel|x86 = MinSizeRel|x86
		Release|x64 = Release|x64
		Release|x86 = Release|x86
		RelWithDebInfo|x64 = RelWithDebInfo|x64
		RelWithDebInfo|x86 = RelWithDebInfo|x86
	EndGlobalSection
	GlobalSection(ProjectConfigurationPlatforms) = postSolution
		{DDAD0022-2E86-4B02-BE0C-41DB4758E0EC}.Debug|x64.ActiveCfg = Debug|x64
		{DDAD0022-2E86-4B02-BE0C-41DB4758E0EC}.Debug|x64.Build.0 = Debug|x64
		{DDAD0022-2E86-4B02-BE0C-41DB4758E0EC}.Debug|x86.ActiveCfg = Debug|Win32
		{DDAD0022-2E86-4B02-BE0C-41DB4758E0EC}.Debug|x86.Build.0 = Debug|Win32
		{DDAD0022-2E86-4B02-BE0C-41DB4758E0EC}.MinSizeRel|x64.ActiveCfg = Release|x64
		{DDAD0022-2E86-4B02-BE0C-41DB4758E0EC}.MinSizeRel|x64.Build.0 = Release|x64
		{DDAD0022-2E86-4B02-BE0C-41DB4758E0EC}.MinSizeRel|x86.ActiveCfg = Release|Win32
		{DDAD0022-2E86-4B02-BE0C-41DB4758E0EC}.MinSizeRel|x86.Build.0 = Release|Win32
		{DDAD0022-2E86-4B02-BE0C-41DB4758E0EC}.Release|x64.ActiveCfg = Release|x64
		{DDAD0022-2E86-4B02-BE0C-41DB4758E0EC}.Release|x64.Build.0 = Release|x64
		{DDAD0022-2E86-4B02-BE0C-41DB4758E0EC}.Release|x86.ActiveCfg = Release|Win32
		{DDAD0022-2E86-4B02-BE0C-41DB4758E0EC}.Release|x86.Build.0 = Release|Win32
		{DDAD0022-2E86-4B02-BE0C-41DB4758E0EC}.RelWithDebInfo|x64.ActiveCfg = Release|x64
		{DDAD0022-2E86-4B02-BE0C-41DB4758E0EC}.RelWithDebInfo|x64.Build.0 = Release|x64
		{DDAD0022-2E86-4B02-BE0C-41DB4758E0EC}.RelWithDebInfo|x86.ActiveCfg = Release|Win32
		{DDAD0022-2E86-4B02-BE0C-41DB4758E0EC}.RelWithDebInfo|x86.Build.0 = Release|Win32
		{6D262E2C-AFF5-2143-9ECF-420539BA0419}.Debug|x64.ActiveCfg = Debug|x64
		{6D262E2C-AFF5-2143-9ECF-420539BA0419}.Debug|x64.Build.0 = Debug|x64
		{6D262E2C-AFF5-2143-9ECF-420539BA0419}.Debug|x86.ActiveCfg = Debug|Win32
		{6D262E2C-AFF5-2143-9ECF-420539BA0419}.Debug|x86.Build.0 = Debug|Win32
		{6D262E2C-AFF5-2143-9ECF-420539BA0419}.MinSizeRel|x64.ActiveCfg = Release|x64
		{6D262E2C-AFF5-2143-9ECF-420539BA0419}.MinSizeRel|x64.Build.0 = Release|x64
		{6D262E2C-AFF5-2143-9ECF-420539BA0419}.MinSizeRel|x86.ActiveCfg = Release|Win32
		{6D262E2C-AFF5-2143-9ECF-420539BA0419}.MinSizeRel|x86.Build.0 = Release|Win32
		{6D262E2C-AFF5-2143-9ECF-420539BA0419}.Release|x64.ActiveCfg = Release|x64
		{6D262E2C-AFF5-2143-9ECF-420539BA0419}.Release|x64.Build.0 = Release|x64
		{6D262E2C-AFF5-2143-9ECF-420539BA0419}.Release|x86.ActiveCfg = Release|Win32
		{6D262E2C-AFF5-2143-9ECF-420539BA0419}.Release|x86.Build.0 = Release|Win32
		{6D262E2C-AFF5-2143-9ECF-420539BA0419}.RelWithDebInfo|x64.ActiveCfg = Release|x64
		{6D262E2C-AFF5-2143-9ECF-420539BA0419}.RelWithDebInfo|x64.Build.0 = Release|x64
		{6D262E2C-AFF5-2143-9ECF-420539BA0419}.RelWithDebInfo|x86.ActiveCfg = Release|Win32
		{6D262E2C-AFF5-2143-9ECF-420539BA0419}.RelWithDebInfo|x86.Build.0 = Release|Win32
		{02CA22FA-CBB6-8A49-AABF-AF6D7E8CAE71}.Debug|x64.ActiveCfg = Debug|x64
		{02CA22FA-CBB6-8A49-AABF-AF6D7E8CAE71}.Debug|x64.Build.0 = Debug|x64
		{02CA22FA-CBB6-8A49-AABF-AF6D7E8CAE71}.Debug|x86.ActiveCfg = Debug|Win32
		{02CA22FA-CBB6-8A49-AABF-AF6D7E8CAE71}.Debug|x86.Build.0 = Debug|Win32
		{02CA22FA-CBB6-8A49-AABF-AF6D7E8CAE71}.MinSizeRel|x64.ActiveCfg = Release|x64
		{02CA22FA-CBB6-8A49-AABF-AF6D7E8CAE71}.MinSizeRel|x64.Build.0 = Release|x64
		{02CA22FA-CBB6-8A49-AABF-AF6D7E8CAE71}.MinSizeRel|x86.ActiveCfg = Release|Win32
		{02CA22FA-CBB6-8A49-AABF-AF6D7E8CAE71}.MinSizeRel|x86.Build.0 = Release|Win32
		{02CA22FA-CBB6-8A49-AABF-AF6D7E8CAE71}.Release|x64.ActiveCfg = Release|x64
		{02CA22FA-CBB6-8A49-AABF-AF6D7E8CAE71}.Release|x64.Build.0 = Release|x64
		{02CA22FA-CBB6-8A49-AABF-AF6D7E8CAE71}.Release|x86.ActiveCfg = Release|Win32
		{02CA22FA-CBB6-8A49-AABF-AF6D7E8CAE71}.Release|x86.Build.0 = Release|Win32
		{02CA22FA-CBB6-8A49-AABF-AF6D7E8CAE71}.RelWithDebInfo|x64.ActiveCfg = Release|x64
		{02CA22FA-CBB6-8A49-AABF-AF6D7E8CAE71}.RelWithDebInfo|x64.Build.0 = Release|x64
		{02CA22FA-CBB6-8A49-AABF-AF6D7E8CAE71}.RelWithDebInfo|x86.ActiveCfg = Release|Win32
		{02CA22FA-CBB6-8A49-AABF-AF6D7E8CAE71}.RelWithDebInfo|x86.Build.0 = Release|Win32
		{34ED506B-3061-0946-9EA7-B025B5A3F9FC}.Debug|x64.ActiveCfg = Debug|x64
		{34ED506B-3061-0946-9EA7-B025B5A3F9FC}.Debug|x64.Build.0 = Debug|x64
		{34ED506B-3061-0946-9EA7-B025B5A3F9FC}.Debug|x86.ActiveCfg = Debug|Win32
		{34ED506B-3061-0946-9EA7-B025B5A3F9FC}.Debug|x86.Build.0 = Debug|Win32
		{34ED506B-3061-0946-9EA7-B025B5A3F9FC}.MinSizeRel|x64.ActiveCfg = Release|x64
		{34ED506B-3061-0946-9EA7-B025B5A3F9FC}.MinSizeRel|x64.Build.0 = Release|x64
		{34ED506B-3061-0946-9EA7-B025B5A3F9FC}.MinSizeRel|x86.ActiveCfg = Release|Win32
		{34ED506B-3061-0946-9EA7-B025B5A3F9FC}.MinSizeRel|x86.Build.0 = Release|Win32
		{34ED506B-3061-0946-9EA7-B025B5A3F9FC}.Release|x64.ActiveCfg = Release|x64
		{34ED506B-3061-0946-9EA7-B025B5A3F9FC}.Release|x64.Build.0 = Release|x64
		{34ED506B-3061-0946-9EA7-B025B5A3F9FC}.Release|x86.ActiveCfg = Release|Win32
		{34ED506B-3061-0946-9EA7-B025B5A3F9FC}.Release|x86.Build.0 = Release|Win32
		{34ED506B-3061-0946-9EA7-B025B5A3F9FC}.RelWithDebInfo|x64.ActiveCfg = Release|x64
		{34ED506B-3061-0946-9EA7-B025B5A3F9FC}.RelWithDebInfo|x64.Build.0 = Release|x64
		{34ED506B-3061-0946-9EA7-B025B5A3F9FC}.RelWithDebInfo|x86.ActiveCfg = Release|Win32
		{34ED506B-3061-0946-9EA7-B025B5A3F9FC}.RelWithDebInfo|x86.Build.0 = Release|Win32
	EndGlobalSection
	GlobalSection(SolutionProperties) = preSolution
		HideSolutionNode = FALSE
	EndGlobalSection
EndGlobal
