<?xml version="1.0" encoding="UTF-8"?>
<Project ToolsVersion="14.0" xmlns="http://schemas.microsoft.com/developer/msbuild/2003">
  <ItemGroup>
    <CustomBuild Include="C:\Users\Steve\Desktop\Bullet\CMakeFiles\186ee45ab9b4f0faffed7f0b8cf9c3cb\RUN_TESTS_force.rule">
      <Filter>CMake Rules</Filter>
    </CustomBuild>
  </ItemGroup>
  <ItemGroup>
    <Filter Include="CMake Rules">
      <UniqueIdentifier>{72F7BAB7-AA77-3268-8FAE-54A6B2969EE6}</UniqueIdentifier>
    </Filter>
  </ItemGroup>
</Project>
